
Microsoft Visual Studio Solution File, Format Version 12.00
# Visual Studio 14
VisualStudioVersion = 14.0.23107.0
MinimumVisualStudioVersion = 10.0.40219.1
Project("{FAE04EC0-301F-11D3-BF4B-00C04F79EFBC}") = "Model", "Model\Model.csproj", "{6AA5B05C-1C4F-4DAE-B7E6-38F6F38D48EC}"
EndProject
Project("{FAE04EC0-301F-11D3-BF4B-00C04F79EFBC}") = "Controller", "Controller\Controller.csproj", "{E20CEAB2-B755-438B-82D2-13D2EE6A100F}"
EndProject
Project("{FAE04EC0-301F-11D3-BF4B-00C04F79EFBC}") = "Repository", "Repository\Repository.csproj", "{AAA547A6-46F2-4896-8B9F-3A692432813C}"
EndProject
Project("{FAE04EC0-301F-11D3-BF4B-00C04F79EFBC}") = "TestOrderSale", "TestOrderSale\TestOrderSale.csproj", "{C5C91781-3732-40B3-9D5D-CD10AAF77B55}"
EndProject
Global
	GlobalSection(SolutionConfigurationPlatforms) = preSolution
		Debug|Any CPU = Debug|Any CPU
		Release|Any CPU = Release|Any CPU
	EndGlobalSection
	GlobalSection(ProjectConfigurationPlatforms) = postSolution
		{6AA5B05C-1C4F-4DAE-B7E6-38F6F38D48EC}.Debug|Any CPU.ActiveCfg = Debug|Any CPU
		{6AA5B05C-1C4F-4DAE-B7E6-38F6F38D48EC}.Debug|Any CPU.Build.0 = Debug|Any CPU
		{6AA5B05C-1C4F-4DAE-B7E6-38F6F38D48EC}.Release|Any CPU.ActiveCfg = Release|Any CPU
		{6AA5B05C-1C4F-4DAE-B7E6-38F6F38D48EC}.Release|Any CPU.Build.0 = Release|Any CPU
		{E20CEAB2-B755-438B-82D2-13D2EE6A100F}.Debug|Any CPU.ActiveCfg = Debug|Any CPU
		{E20CEAB2-B755-438B-82D2-13D2EE6A100F}.Debug|Any CPU.Build.0 = Debug|Any CPU
		{E20CEAB2-B755-438B-82D2-13D2EE6A100F}.Release|Any CPU.ActiveCfg = Release|Any CPU
		{E20CEAB2-B755-438B-82D2-13D2EE6A100F}.Release|Any CPU.Build.0 = Release|Any CPU
		{AAA547A6-46F2-4896-8B9F-3A692432813C}.Debug|Any CPU.ActiveCfg = Debug|Any CPU
		{AAA547A6-46F2-4896-8B9F-3A692432813C}.Debug|Any CPU.Build.0 = Debug|Any CPU
		{AAA547A6-46F2-4896-8B9F-3A692432813C}.Release|Any CPU.ActiveCfg = Release|Any CPU
		{AAA547A6-46F2-4896-8B9F-3A692432813C}.Release|Any CPU.Build.0 = Release|Any CPU
		{C5C91781-3732-40B3-9D5D-CD10AAF77B55}.Debug|Any CPU.ActiveCfg = Debug|Any CPU
		{C5C91781-3732-40B3-9D5D-CD10AAF77B55}.Debug|Any CPU.Build.0 = Debug|Any CPU
		{C5C91781-3732-40B3-9D5D-CD10AAF77B55}.Release|Any CPU.ActiveCfg = Release|Any CPU
		{C5C91781-3732-40B3-9D5D-CD10AAF77B55}.Release|Any CPU.Build.0 = Release|Any CPU
	EndGlobalSection
	GlobalSection(SolutionProperties) = preSolution
		HideSolutionNode = FALSE
	EndGlobalSection
EndGlobal
